// !$*UTF8*$!
{
	archiveVersion = 1;
	classes = {
	};
	objectVersion = 48;
	objects = {

/* Begin PBXBuildFile section */
		D90625E21FC2955200F86C12 /* LLPIXEL3.ttf in Resources */ = {isa = PBXBuildFile; fileRef = D90625E11FC2955100F86C12 /* LLPIXEL3.ttf */; };
		D92D217C1FC1D627007091F3 /* RandomFunction.swift in Sources */ = {isa = PBXBuildFile; fileRef = D92D217B1FC1D627007091F3 /* RandomFunction.swift */; };
		D9BC66931FC03A5100A9BB4C /* AppDelegate.swift in Sources */ = {isa = PBXBuildFile; fileRef = D9BC66921FC03A5100A9BB4C /* AppDelegate.swift */; };
		D9BC66951FC03A5100A9BB4C /* GameScene.sks in Resources */ = {isa = PBXBuildFile; fileRef = D9BC66941FC03A5100A9BB4C /* GameScene.sks */; };
		D9BC66971FC03A5100A9BB4C /* Actions.sks in Resources */ = {isa = PBXBuildFile; fileRef = D9BC66961FC03A5100A9BB4C /* Actions.sks */; };
		D9BC66991FC03A5100A9BB4C /* GameScene.swift in Sources */ = {isa = PBXBuildFile; fileRef = D9BC66981FC03A5100A9BB4C /* GameScene.swift */; };
		D9BC669B1FC03A5100A9BB4C /* GameViewController.swift in Sources */ = {isa = PBXBuildFile; fileRef = D9BC669A1FC03A5100A9BB4C /* GameViewController.swift */; };
		D9BC669E1FC03A5100A9BB4C /* Main.storyboard in Resources */ = {isa = PBXBuildFile; fileRef = D9BC669C1FC03A5100A9BB4C /* Main.storyboard */; };
		D9BC66A01FC03A5100A9BB4C /* Assets.xcassets in Resources */ = {isa = PBXBuildFile; fileRef = D9BC669F1FC03A5100A9BB4C /* Assets.xcassets */; };
		D9BC66A31FC03A5100A9BB4C /* LaunchScreen.storyboard in Resources */ = {isa = PBXBuildFile; fileRef = D9BC66A11FC03A5100A9BB4C /* LaunchScreen.storyboard */; };
/* End PBXBuildFile section */

/* Begin PBXFileReference section */
		D90625E11FC2955100F86C12 /* LLPIXEL3.ttf */ = {isa = PBXFileReference; lastKnownFileType = file; path = LLPIXEL3.ttf; sourceTree = "<group>"; };
		D92D217B1FC1D627007091F3 /* RandomFunction.swift */ = {isa = PBXFileReference; lastKnownFileType = sourcecode.swift; path = RandomFunction.swift; sourceTree = "<group>"; };
		D9BC668F1FC03A5100A9BB4C /* FlappySample.app */ = {isa = PBXFileReference; explicitFileType = wrapper.application; includeInIndex = 0; path = FlappySample.app; sourceTree = BUILT_PRODUCTS_DIR; };
		D9BC66921FC03A5100A9BB4C /* AppDelegate.swift */ = {isa = PBXFileReference; lastKnownFileType = sourcecode.swift; path = AppDelegate.swift; sourceTree = "<group>"; };
		D9BC66941FC03A5100A9BB4C /* GameScene.sks */ = {isa = PBXFileReference; lastKnownFileType = file.sks; path = GameScene.sks; sourceTree = "<group>"; };
		D9BC66961FC03A5100A9BB4C /* Actions.sks */ = {isa = PBXFileReference; lastKnownFileType = file.sks; path = Actions.sks; sourceTree = "<group>"; };
		D9BC66981FC03A5100A9BB4C /* GameScene.swift */ = {isa = PBXFileReference; lastKnownFileType = sourcecode.swift; path = GameScene.swift; sourceTree = "<group>"; };
		D9BC669A1FC03A5100A9BB4C /* GameViewController.swift */ = {isa = PBXFileReference; lastKnownFileType = sourcecode.swift; path = GameViewController.swift; sourceTree = "<group>"; };
		D9BC669D1FC03A5100A9BB4C /* Base */ = {isa = PBXFileReference; lastKnownFileType = file.storyboard; name = Base; path = Base.lproj/Main.storyboard; sourceTree = "<group>"; };
		D9BC669F1FC03A5100A9BB4C /* Assets.xcassets */ = {isa = PBXFileReference; lastKnownFileType = folder.assetcatalog; path = Assets.xcassets; sourceTree = "<group>"; };
		D9BC66A21FC03A5100A9BB4C /* Base */ = {isa = PBXFileReference; lastKnownFileType = file.storyboard; name = Base; path = Base.lproj/LaunchScreen.storyboard; sourceTree = "<group>"; };
		D9BC66A41FC03A5100A9BB4C /* Info.plist */ = {isa = PBXFileReference; lastKnownFileType = text.plist.xml; path = Info.plist; sourceTree = "<group>"; };
/* End PBXFileReference section */

/* Begin PBXFrameworksBuildPhase section */
		D9BC668C1FC03A5100A9BB4C /* Frameworks */ = {
			isa = PBXFrameworksBuildPhase;
			buildActionMask = 2147483647;
			files = (
			);
			runOnlyForDeploymentPostprocessing = 0;
		};
/* End PBXFrameworksBuildPhase section */

/* Begin PBXGroup section */
		D9BC66861FC03A5100A9BB4C = {
			isa = PBXGroup;
			children = (
				D9BC66911FC03A5100A9BB4C /* FlappySample */,
				D9BC66901FC03A5100A9BB4C /* Products */,
			);
			sourceTree = "<group>";
		};
		D9BC66901FC03A5100A9BB4C /* Products */ = {
			isa = PBXGroup;
			children = (
				D9BC668F1FC03A5100A9BB4C /* FlappySample.app */,
			);
			name = Products;
			sourceTree = "<group>";
		};
		D9BC66911FC03A5100A9BB4C /* FlappySample */ = {
			isa = PBXGroup;
			children = (
				D90625E11FC2955100F86C12 /* LLPIXEL3.ttf */,
				D9BC66921FC03A5100A9BB4C /* AppDelegate.swift */,
				D9BC66941FC03A5100A9BB4C /* GameScene.sks */,
				D9BC66961FC03A5100A9BB4C /* Actions.sks */,
				D9BC66981FC03A5100A9BB4C /* GameScene.swift */,
				D92D217B1FC1D627007091F3 /* RandomFunction.swift */,
				D9BC669A1FC03A5100A9BB4C /* GameViewController.swift */,
				D9BC669C1FC03A5100A9BB4C /* Main.storyboard */,
				D9BC669F1FC03A5100A9BB4C /* Assets.xcassets */,
				D9BC66A11FC03A5100A9BB4C /* LaunchScreen.storyboard */,
				D9BC66A41FC03A5100A9BB4C /* Info.plist */,
			);
			path = FlappySample;
			sourceTree = "<group>";
		};
/* End PBXGroup section */

/* Begin PBXNativeTarget section */
		D9BC668E1FC03A5100A9BB4C /* FlappySample */ = {
			isa = PBXNativeTarget;
			buildConfigurationList = D9BC66A71FC03A5100A9BB4C /* Build configuration list for PBXNativeTarget "FlappySample" */;
			buildPhases = (
				D9BC668B1FC03A5100A9BB4C /* Sources */,
				D9BC668C1FC03A5100A9BB4C /* Frameworks */,
				D9BC668D1FC03A5100A9BB4C /* Resources */,
			);
			buildRules = (
			);
			dependencies = (
			);
			name = FlappySample;
			productName = FlappySample;
			productReference = D9BC668F1FC03A5100A9BB4C /* FlappySample.app */;
			productType = "com.apple.product-type.application";
		};
/* End PBXNativeTarget section */

/* Begin PBXProject section */
		D9BC66871FC03A5100A9BB4C /* Project object */ = {
			isa = PBXProject;
			attributes = {
				LastSwiftUpdateCheck = 0910;
				LastUpgradeCheck = 0910;
				ORGANIZATIONNAME = "Dai Haneda";
				TargetAttributes = {
					D9BC668E1FC03A5100A9BB4C = {
						CreatedOnToolsVersion = 9.1;
						ProvisioningStyle = Automatic;
					};
				};
			};
			buildConfigurationList = D9BC668A1FC03A5100A9BB4C /* Build configuration list for PBXProject "FlappySample" */;
			compatibilityVersion = "Xcode 8.0";
			developmentRegion = en;
			hasScannedForEncodings = 0;
			knownRegions = (
				en,
				Base,
			);
			mainGroup = D9BC66861FC03A5100A9BB4C;
			productRefGroup = D9BC66901FC03A5100A9BB4C /* Products */;
			projectDirPath = "";
			projectRoot = "";
			targets = (
				D9BC668E1FC03A5100A9BB4C /* FlappySample */,
			);
		};
/* End PBXProject section */

/* Begin PBXResourcesBuildPhase section */
		D9BC668D1FC03A5100A9BB4C /* Resources */ = {
			isa = PBXResourcesBuildPhase;
			buildActionMask = 2147483647;
			files = (
				D9BC669E1FC03A5100A9BB4C /* Main.storyboard in Resources */,
				D90625E21FC2955200F86C12 /* LLPIXEL3.ttf in Resources */,
				D9BC66951FC03A5100A9BB4C /* GameScene.sks in Resources */,
				D9BC66A01FC03A5100A9BB4C /* Assets.xcassets in Resources */,
				D9BC66A31FC03A5100A9BB4C /* LaunchScreen.storyboard in Resources */,
				D9BC66971FC03A5100A9BB4C /* Actions.sks in Resources */,
			);
			runOnlyForDeploymentPostprocessing = 0;
		};
/* End PBXResourcesBuildPhase section */

/* Begin PBXSourcesBuildPhase section */
		D9BC668B1FC03A5100A9BB4C /* Sources */ = {
			isa = PBXSourcesBuildPhase;
			buildActionMask = 2147483647;
			files = (
				D9BC66991FC03A5100A9BB4C /* GameScene.swift in Sources */,
				D9BC669B1FC03A5100A9BB4C /* GameViewController.swift in Sources */,
				D92D217C1FC1D627007091F3 /* RandomFunction.swift in Sources */,
				D9BC66931FC03A5100A9BB4C /* AppDelegate.swift in Sources */,
			);
			runOnlyForDeploymentPostprocessing = 0;
		};
/* End PBXSourcesBuildPhase section */

/* Begin PBXVariantGroup section */
		D9BC669C1FC03A5100A9BB4C /* Main.storyboard */ = {
			isa = PBXVariantGroup;
			children = (
				D9BC669D1FC03A5100A9BB4C /* Base */,
			);
			name = Main.storyboard;
			sourceTree = "<group>";
		};
		D9BC66A11FC03A5100A9BB4C /* LaunchScreen.storyboard */ = {
			isa = PBXVariantGroup;
			children = (
				D9BC66A21FC03A5100A9BB4C /* Base */,
			);
			name = LaunchScreen.storyboard;
			sourceTree = "<group>";
		};
/* End PBXVariantGroup section */

/* Begin XCBuildConfiguration section */
		D9BC66A51FC03A5100A9BB4C /* Debug */ = {
			isa = XCBuildConfiguration;
			buildSettings = {
				ALWAYS_SEARCH_USER_PATHS = NO;
				CLANG_ANALYZER_NONNULL = YES;
				CLANG_ANALYZER_NUMBER_OBJECT_CONVERSION = YES_AGGRESSIVE;
				CLANG_CXX_LANGUAGE_STANDARD = "gnu++14";
				CLANG_CXX_LIBRARY = "libc++";
				CLANG_ENABLE_MODULES = YES;
				CLANG_ENABLE_OBJC_ARC = YES;
				CLANG_WARN_BLOCK_CAPTURE_AUTORELEASING = YES;
				CLANG_WARN_BOOL_CONVERSION = YES;
				CLANG_WARN_COMMA = YES;
				CLANG_WARN_CONSTANT_CONVERSION = YES;
				CLANG_WARN_DIRECT_OBJC_ISA_USAGE = YES_ERROR;
				CLANG_WARN_DOCUMENTATION_COMMENTS = YES;
				CLANG_WARN_EMPTY_BODY = YES;
				CLANG_WARN_ENUM_CONVERSION = YES;
				CLANG_WARN_INFINITE_RECURSION = YES;
				CLANG_WARN_INT_CONVERSION = YES;
				CLANG_WARN_NON_LITERAL_NULL_CONVERSION = YES;
				CLANG_WARN_OBJC_LITERAL_CONVERSION = YES;
				CLANG_WARN_OBJC_ROOT_CLASS = YES_ERROR;
				CLANG_WARN_RANGE_LOOP_ANALYSIS = YES;
				CLANG_WARN_STRICT_PROTOTYPES = YES;
				CLANG_WARN_SUSPICIOUS_MOVE = YES;
				CLANG_WARN_UNGUARDED_AVAILABILITY = YES_AGGRESSIVE;
				CLANG_WARN_UNREACHABLE_CODE = YES;
				CLANG_WARN__DUPLICATE_METHOD_MATCH = YES;
				CODE_SIGN_IDENTITY = "iPhone Developer";
				COPY_PHASE_STRIP = NO;
				DEBUG_INFORMATION_FORMAT = dwarf;
				ENABLE_STRICT_OBJC_MSGSEND = YES;
				ENABLE_TESTABILITY = YES;
				GCC_C_LANGUAGE_STANDARD = gnu11;
				GCC_DYNAMIC_NO_PIC = NO;
				GCC_NO_COMMON_BLOCKS = YES;
				GCC_OPTIMIZATION_LEVEL = 0;
				GCC_PREPROCESSOR_DEFINITIONS = (
					"DEBUG=1",
					"$(inherited)",
				);
				GCC_WARN_64_TO_32_BIT_CONVERSION = YES;
				GCC_WARN_ABOUT_RETURN_TYPE = YES_ERROR;
				GCC_WARN_UNDECLARED_SELECTOR = YES;
				GCC_WARN_UNINITIALIZED_AUTOS = YES_AGGRESSIVE;
				GCC_WARN_UNUSED_FUNCTION = YES;
				GCC_WARN_UNUSED_VARIABLE = YES;
				IPHONEOS_DEPLOYMENT_TARGET = 11.1;
				MTL_ENABLE_DEBUG_INFO = YES;
				ONLY_ACTIVE_ARCH = YES;
				SDKROOT = iphoneos;
				SWIFT_ACTIVE_COMPILATION_CONDITIONS = DEBUG;
				SWIFT_OPTIMIZATION_LEVEL = "-Onone";
			};
			name = Debug;
		};
		D9BC66A61FC03A5100A9BB4C /* Release */ = {
			isa = XCBuildConfiguration;
			buildSettings = {
				ALWAYS_SEARCH_USER_PATHS = NO;
				CLANG_ANALYZER_NONNULL = YES;
				CLANG_ANALYZER_NUMBER_OBJECT_CONVERSION = YES_AGGRESSIVE;
				CLANG_CXX_LANGUAGE_STANDARD = "gnu++14";
				CLANG_CXX_LIBRARY = "libc++";
				CLANG_ENABLE_MODULES = YES;
				CLANG_ENABLE_OBJC_ARC = YES;
				CLANG_WARN_BLOCK_CAPTURE_AUTORELEASING = YES;
				CLANG_WARN_BOOL_CONVERSION = YES;
				CLANG_WARN_COMMA = YES;
				CLANG_WARN_CONSTANT_CONVERSION = YES;
				CLANG_WARN_DIRECT_OBJC_ISA_USAGE = YES_ERROR;
				CLANG_WARN_DOCUMENTATION_COMMENTS = YES;
				CLANG_WARN_EMPTY_BODY = YES;
				CLANG_WARN_ENUM_CONVERSION = YES;
				CLANG_WARN_INFINITE_RECURSION = YES;
				CLANG_WARN_INT_CONVERSION = YES;
				CLANG_WARN_NON_LITERAL_NULL_CONVERSION = YES;
				CLANG_WARN_OBJC_LITERAL_CONVERSION = YES;
				CLANG_WARN_OBJC_ROOT_CLASS = YES_ERROR;
				CLANG_WARN_RANGE_LOOP_ANALYSIS = YES;
				CLANG_WARN_STRICT_PROTOTYPES = YES;
				CLANG_WARN_SUSPICIOUS_MOVE = YES;
				CLANG_WARN_UNGUARDED_AVAILABILITY = YES_AGGRESSIVE;
				CLANG_WARN_UNREACHABLE_CODE = YES;
				CLANG_WARN__DUPLICATE_METHOD_MATCH = YES;
				CODE_SIGN_IDENTITY = "iPhone Developer";
				COPY_PHASE_STRIP = NO;
				DEBUG_INFORMATION_FORMAT = "dwarf-with-dsym";
				ENABLE_NS_ASSERTIONS = NO;
				ENABLE_STRICT_OBJC_MSGSEND = YES;
				GCC_C_LANGUAGE_STANDARD = gnu11;
				GCC_NO_COMMON_BLOCKS = YES;
				GCC_WARN_64_TO_32_BIT_CONVERSION = YES;
				GCC_WARN_ABOUT_RETURN_TYPE = YES_ERROR;
				GCC_WARN_UNDECLARED_SELECTOR = YES;
				GCC_WARN_UNINITIALIZED_AUTOS = YES_AGGRESSIVE;
				GCC_WARN_UNUSED_FUNCTION = YES;
				GCC_WARN_UNUSED_VARIABLE = YES;
				IPHONEOS_DEPLOYMENT_TARGET = 11.1;
				MTL_ENABLE_DEBUG_INFO = NO;
				SDKROOT = iphoneos;
				SWIFT_OPTIMIZATION_LEVEL = "-Owholemodule";
				VALIDATE_PRODUCT = YES;
			};
			name = Release;
		};
		D9BC66A81FC03A5100A9BB4C /* Debug */ = {
			isa = XCBuildConfiguration;
			buildSettings = {
				ASSETCATALOG_COMPILER_APPICON_NAME = AppIcon;
				CODE_SIGN_STYLE = Automatic;
				DEVELOPMENT_TEAM = 3P723YPZTD;
				INFOPLIST_FILE = FlappySample/Info.plist;
				LD_RUNPATH_SEARCH_PATHS = "$(inherited) @executable_path/Frameworks";
				PRODUCT_BUNDLE_IDENTIFIER = com.gmail.dhanegm731dev.FlappySample;
				PRODUCT_NAME = "$(TARGET_NAME)";
				SWIFT_VERSION = 4.0;
				TARGETED_DEVICE_FAMILY = "1,2";
			};
			name = Debug;
		};
		D9BC66A91FC03A5100A9BB4C /* Release */ = {
			isa = XCBuildConfiguration;
			buildSettings = {
				ASSETCATALOG_COMPILER_APPICON_NAME = AppIcon;
				CODE_SIGN_STYLE = Automatic;
				DEVELOPMENT_TEAM = 3P723YPZTD;
				INFOPLIST_FILE = FlappySample/Info.plist;
				LD_RUNPATH_SEARCH_PATHS = "$(inherited) @executable_path/Frameworks";
				PRODUCT_BUNDLE_IDENTIFIER = com.gmail.dhanegm731dev.FlappySample;
				PRODUCT_NAME = "$(TARGET_NAME)";
				SWIFT_VERSION = 4.0;
				TARGETED_DEVICE_FAMILY = "1,2";
			};
			name = Release;
		};
/* End XCBuildConfiguration section */

/* Begin XCConfigurationList section */
		D9BC668A1FC03A5100A9BB4C /* Build configuration list for PBXProject "FlappySample" */ = {
			isa = XCConfigurationList;
			buildConfigurations = (
				D9BC66A51FC03A5100A9BB4C /* Debug */,
				D9BC66A61FC03A5100A9BB4C /* Release */,
			);
			defaultConfigurationIsVisible = 0;
			defaultConfigurationName = Release;
		};
		D9BC66A71FC03A5100A9BB4C /* Build configuration list for PBXNativeTarget "FlappySample" */ = {
			isa = XCConfigurationList;
			buildConfigurations = (
				D9BC66A81FC03A5100A9BB4C /* Debug */,
				D9BC66A91FC03A5100A9BB4C /* Release */,
			);
			defaultConfigurationIsVisible = 0;
			defaultConfigurationName = Release;
		};
/* End XCConfigurationList section */
	};
	rootObject = D9BC66871FC03A5100A9BB4C /* Project object */;
}
